{
  "nodes": {
    "dotfiles-secrets": {
      "locked": {
        "lastModified": 1782943507,
        "narHash": "sha256-a56N31UyWDm6/6z/09VvhwiCg6T46Hf6/CLPRuAupdY=",
        "owner": "Sighery",
        "repo": "dotfiles-secrets",
        "rev": "43a17b9b9404a9c632f6b0202d6bcf2ee20a16cb",
        "type": "github"
      },
      "original": {
        "owner": "Sighery",
        "repo": "dotfiles-secrets",
        "type": "github"
      }
    },
    "home-manager": {
      "inputs": {
        "nixpkgs": [
          "nixpkgs"
        ]
      },
      "locked": {
        "lastModified": 1782504937,
        "narHash": "sha256-2fwBTmBj+JbADkpcxJnT+VdsYPnrbXYArch3g9zpw2c=",
        "owner": "Sighery",
        "repo": "home-manager",
        "rev": "1cd9e9c2a90da2e5d0b1c066988b003239e6f84b",
        "type": "github"
      },
      "original": {
        "owner": "Sighery",
        "ref": "release-26.05",
        "repo": "home-manager",
        "type": "github"
      }
    },
    "nixpkgs": {
      "locked": {
        "lastModified": 1780902259,
        "narHash": "sha256-q8yYEC5f1mFlQO9RGna4LTc9QrcvWunX6FYp83munkQ=",
        "owner": "NixOS",
        "repo": "nixpkgs",
        "rev": "bd0ff2d3eac24699c3664d5966b9ef36f388e2ca",
        "type": "github"
      },
      "original": {
        "owner": "NixOS",
        "ref": "nixos-26.05",
        "repo": "nixpkgs",
        "type": "github"
      }
    },
    "nixpkgs-unstable": {
      "locked": {
        "lastModified": 1780749050,
        "narHash": "sha256-3av0pIjlOWQ6rDbNOmpUSvbNnJkGORQKKjb4LtCZsIY=",
        "owner": "NixOS",
        "repo": "nixpkgs",
        "rev": "a799d3e3886da994fa307f817a6bc705ae538eeb",
        "type": "github"
      },
      "original": {
        "owner": "NixOS",
        "ref": "nixos-unstable",
        "repo": "nixpkgs",
        "type": "github"
      }
    },
    "root": {
      "inputs": {
        "dotfiles-secrets": "dotfiles-secrets",
        "home-manager": "home-manager",
        "nixpkgs": "nixpkgs",
        "nixpkgs-unstable": "nixpkgs-unstable",
        "sighery-nixpkgs": "sighery-nixpkgs",
        "sops-nix": "sops-nix"
      }
    },
    "sighery-nixpkgs": {
      "inputs": {
        "nixpkgs": [
          "nixpkgs"
        ]
      },
      "locked": {
        "lastModified": 1782752982,
        "narHash": "sha256-CzzzzXcgLAdqGTLEqe3aLy3F5roiKZTPQ0Lklh2qgas=",
        "owner": "Sighery",
        "repo": "sighery-nixpkgs",
        "rev": "38110bc27c255ddec3156feffc8f9677ab0decac",
        "type": "github"
      },
      "original": {
        "owner": "Sighery",
        "repo": "sighery-nixpkgs",
        "type": "github"
      }
    },
    "sops-nix": {
      "inputs": {
        "nixpkgs": [
          "nixpkgs"
        ]
      },
      "locked": {
        "lastModified": 1780547341,
        "narHash": "sha256-Gq8KNx5A7hBB3uGJaj6eQfLDIz5YdLu92gqBcvHvoUo=",
        "owner": "Mic92",
        "repo": "sops-nix",
        "rev": "9ed65852b6257fbeae4355bc24ecfea307ca759a",
        "type": "github"
      },
      "original": {
        "owner": "Mic92",
        "repo": "sops-nix",
        "type": "github"
      }
    }
  },
  "root": "root",
  "version": 7
}
