{
  "nodes": {
    "dotfiles-secrets": {
      "locked": {
        "lastModified": 1783671339,
        "narHash": "sha256-XdRqEB+QSfOQpXmOOD3x+AXeuu0gAP8ZczBacqh5568=",
        "owner": "Sighery",
        "repo": "dotfiles-secrets",
        "rev": "903c2af71f2fd593bb790cf487d3a6d1a77d1a7b",
        "type": "github"
      },
      "original": {
        "owner": "Sighery",
        "repo": "dotfiles-secrets",
        "type": "github"
      }
    },
    "home-manager": {
      "inputs": {
        "nixpkgs": [
          "nixpkgs"
        ]
      },
      "locked": {
        "lastModified": 1783151475,
        "narHash": "sha256-zCUom1HnYDxwjwhBZ6TNJgIDQhP5v3TbpjYVFXITwxM=",
        "owner": "Sighery",
        "repo": "home-manager",
        "rev": "9aa500ad005814478948e17e77d188e34ae0552d",
        "type": "github"
      },
      "original": {
        "owner": "Sighery",
        "ref": "release-26.05",
        "repo": "home-manager",
        "type": "github"
      }
    },
    "nixpkgs": {
      "locked": {
        "lastModified": 1780902259,
        "narHash": "sha256-q8yYEC5f1mFlQO9RGna4LTc9QrcvWunX6FYp83munkQ=",
        "owner": "NixOS",
        "repo": "nixpkgs",
        "rev": "bd0ff2d3eac24699c3664d5966b9ef36f388e2ca",
        "type": "github"
      },
      "original": {
        "owner": "NixOS",
        "ref": "nixos-26.05",
        "repo": "nixpkgs",
        "type": "github"
      }
    },
    "nixpkgs-unstable": {
      "locked": {
        "lastModified": 1780749050,
        "narHash": "sha256-3av0pIjlOWQ6rDbNOmpUSvbNnJkGORQKKjb4LtCZsIY=",
        "owner": "NixOS",
        "repo": "nixpkgs",
        "rev": "a799d3e3886da994fa307f817a6bc705ae538eeb",
        "type": "github"
      },
      "original": {
        "owner": "NixOS",
        "ref": "nixos-unstable",
        "repo": "nixpkgs",
        "type": "github"
      }
    },
    "root": {
      "inputs": {
        "dotfiles-secrets": "dotfiles-secrets",
        "home-manager": "home-manager",
        "nixpkgs": "nixpkgs",
        "nixpkgs-unstable": "nixpkgs-unstable",
        "sighery-nixpkgs": "sighery-nixpkgs",
        "sops-nix": "sops-nix"
      }
    },
    "sighery-nixpkgs": {
      "inputs": {
        "nixpkgs": [
          "nixpkgs"
        ]
      },
      "locked": {
        "lastModified": 1783165606,
        "narHash": "sha256-BmmcyBSsZ7xPu4TyVo1JDyj7ASK6nOo4kFEfaa2CRoI=",
        "owner": "Sighery",
        "repo": "sighery-nixpkgs",
        "rev": "d096dd553bdaf844effcec708cc521e30e9ef3bb",
        "type": "github"
      },
      "original": {
        "owner": "Sighery",
        "repo": "sighery-nixpkgs",
        "type": "github"
      }
    },
    "sops-nix": {
      "inputs": {
        "nixpkgs": [
          "nixpkgs"
        ]
      },
      "locked": {
        "lastModified": 1780547341,
        "narHash": "sha256-Gq8KNx5A7hBB3uGJaj6eQfLDIz5YdLu92gqBcvHvoUo=",
        "owner": "Mic92",
        "repo": "sops-nix",
        "rev": "9ed65852b6257fbeae4355bc24ecfea307ca759a",
        "type": "github"
      },
      "original": {
        "owner": "Mic92",
        "repo": "sops-nix",
        "type": "github"
      }
    }
  },
  "root": "root",
  "version": 7
}
